
Microsoft Visual Studio Solution File, Format Version 12.00
# Visual Studio Version 17
VisualStudioVersion = 17.0.31903.59
MinimumVisualStudioVersion = 10.0.40219.1
Project("{FAE04EC0-301F-11D3-BF4B-00C04F79EFBC}") = "ECommerce.Domain", "ECommerce.Domain\ECommerce.Domain.csproj", "{8E8D5905-EFF9-4BFE-B6ED-7B5CB7254C0F}"
EndProject
Project("{FAE04EC0-301F-11D3-BF4B-00C04F79EFBC}") = "ECommerce.Application", "ECommerce.Application\ECommerce.Application.csproj", "{CB713CD5-986E-4E8C-9EBD-D9DA63169BA7}"
EndProject
Project("{FAE04EC0-301F-11D3-BF4B-00C04F79EFBC}") = "ECommerce.Infrastructure", "ECommerce.Infrastructure\ECommerce.Infrastructure.csproj", "{5E3A4A6E-6626-4187-BBE6-F9353C0901EF}"
EndProject
Project("{FAE04EC0-301F-11D3-BF4B-00C04F79EFBC}") = "ECommerce.Web", "ECommerce.Web\ECommerce.Web.csproj", "{222184D6-A612-421F-8B66-7E0037D53BE6}"
EndProject
Global
	GlobalSection(SolutionConfigurationPlatforms) = preSolution
		Debug|Any CPU = Debug|Any CPU
		Debug|x64 = Debug|x64
		Debug|x86 = Debug|x86
		Release|Any CPU = Release|Any CPU
		Release|x64 = Release|x64
		Release|x86 = Release|x86
	EndGlobalSection
	GlobalSection(ProjectConfigurationPlatforms) = postSolution
		{8E8D5905-EFF9-4BFE-B6ED-7B5CB7254C0F}.Debug|Any CPU.ActiveCfg = Debug|Any CPU
		{8E8D5905-EFF9-4BFE-B6ED-7B5CB7254C0F}.Debug|Any CPU.Build.0 = Debug|Any CPU
		{8E8D5905-EFF9-4BFE-B6ED-7B5CB7254C0F}.Debug|x64.ActiveCfg = Debug|Any CPU
		{8E8D5905-EFF9-4BFE-B6ED-7B5CB7254C0F}.Debug|x64.Build.0 = Debug|Any CPU
		{8E8D5905-EFF9-4BFE-B6ED-7B5CB7254C0F}.Debug|x86.ActiveCfg = Debug|Any CPU
		{8E8D5905-EFF9-4BFE-B6ED-7B5CB7254C0F}.Debug|x86.Build.0 = Debug|Any CPU
		{8E8D5905-EFF9-4BFE-B6ED-7B5CB7254C0F}.Release|Any CPU.ActiveCfg = Release|Any CPU
		{8E8D5905-EFF9-4BFE-B6ED-7B5CB7254C0F}.Release|Any CPU.Build.0 = Release|Any CPU
		{8E8D5905-EFF9-4BFE-B6ED-7B5CB7254C0F}.Release|x64.ActiveCfg = Release|Any CPU
		{8E8D5905-EFF9-4BFE-B6ED-7B5CB7254C0F}.Release|x64.Build.0 = Release|Any CPU
		{8E8D5905-EFF9-4BFE-B6ED-7B5CB7254C0F}.Release|x86.ActiveCfg = Release|Any CPU
		{8E8D5905-EFF9-4BFE-B6ED-7B5CB7254C0F}.Release|x86.Build.0 = Release|Any CPU
		{CB713CD5-986E-4E8C-9EBD-D9DA63169BA7}.Debug|Any CPU.ActiveCfg = Debug|Any CPU
		{CB713CD5-986E-4E8C-9EBD-D9DA63169BA7}.Debug|Any CPU.Build.0 = Debug|Any CPU
		{CB713CD5-986E-4E8C-9EBD-D9DA63169BA7}.Debug|x64.ActiveCfg = Debug|Any CPU
		{CB713CD5-986E-4E8C-9EBD-D9DA63169BA7}.Debug|x64.Build.0 = Debug|Any CPU
		{CB713CD5-986E-4E8C-9EBD-D9DA63169BA7}.Debug|x86.ActiveCfg = Debug|Any CPU
		{CB713CD5-986E-4E8C-9EBD-D9DA63169BA7}.Debug|x86.Build.0 = Debug|Any CPU
		{CB713CD5-986E-4E8C-9EBD-D9DA63169BA7}.Release|Any CPU.ActiveCfg = Release|Any CPU
		{CB713CD5-986E-4E8C-9EBD-D9DA63169BA7}.Release|Any CPU.Build.0 = Release|Any CPU
		{CB713CD5-986E-4E8C-9EBD-D9DA63169BA7}.Release|x64.ActiveCfg = Release|Any CPU
		{CB713CD5-986E-4E8C-9EBD-D9DA63169BA7}.Release|x64.Build.0 = Release|Any CPU
		{CB713CD5-986E-4E8C-9EBD-D9DA63169BA7}.Release|x86.ActiveCfg = Release|Any CPU
		{CB713CD5-986E-4E8C-9EBD-D9DA63169BA7}.Release|x86.Build.0 = Release|Any CPU
		{5E3A4A6E-6626-4187-BBE6-F9353C0901EF}.Debug|Any CPU.ActiveCfg = Debug|Any CPU
		{5E3A4A6E-6626-4187-BBE6-F9353C0901EF}.Debug|Any CPU.Build.0 = Debug|Any CPU
		{5E3A4A6E-6626-4187-BBE6-F9353C0901EF}.Debug|x64.ActiveCfg = Debug|Any CPU
		{5E3A4A6E-6626-4187-BBE6-F9353C0901EF}.Debug|x64.Build.0 = Debug|Any CPU
		{5E3A4A6E-6626-4187-BBE6-F9353C0901EF}.Debug|x86.ActiveCfg = Debug|Any CPU
		{5E3A4A6E-6626-4187-BBE6-F9353C0901EF}.Debug|x86.Build.0 = Debug|Any CPU
		{5E3A4A6E-6626-4187-BBE6-F9353C0901EF}.Release|Any CPU.ActiveCfg = Release|Any CPU
		{5E3A4A6E-6626-4187-BBE6-F9353C0901EF}.Release|Any CPU.Build.0 = Release|Any CPU
		{5E3A4A6E-6626-4187-BBE6-F9353C0901EF}.Release|x64.ActiveCfg = Release|Any CPU
		{5E3A4A6E-6626-4187-BBE6-F9353C0901EF}.Release|x64.Build.0 = Release|Any CPU
		{5E3A4A6E-6626-4187-BBE6-F9353C0901EF}.Release|x86.ActiveCfg = Release|Any CPU
		{5E3A4A6E-6626-4187-BBE6-F9353C0901EF}.Release|x86.Build.0 = Release|Any CPU
		{222184D6-A612-421F-8B66-7E0037D53BE6}.Debug|Any CPU.ActiveCfg = Debug|Any CPU
		{222184D6-A612-421F-8B66-7E0037D53BE6}.Debug|Any CPU.Build.0 = Debug|Any CPU
		{222184D6-A612-421F-8B66-7E0037D53BE6}.Debug|x64.ActiveCfg = Debug|Any CPU
		{222184D6-A612-421F-8B66-7E0037D53BE6}.Debug|x64.Build.0 = Debug|Any CPU
		{222184D6-A612-421F-8B66-7E0037D53BE6}.Debug|x86.ActiveCfg = Debug|Any CPU
		{222184D6-A612-421F-8B66-7E0037D53BE6}.Debug|x86.Build.0 = Debug|Any CPU
		{222184D6-A612-421F-8B66-7E0037D53BE6}.Release|Any CPU.ActiveCfg = Release|Any CPU
		{222184D6-A612-421F-8B66-7E0037D53BE6}.Release|Any CPU.Build.0 = Release|Any CPU
		{222184D6-A612-421F-8B66-7E0037D53BE6}.Release|x64.ActiveCfg = Release|Any CPU
		{222184D6-A612-421F-8B66-7E0037D53BE6}.Release|x64.Build.0 = Release|Any CPU
		{222184D6-A612-421F-8B66-7E0037D53BE6}.Release|x86.ActiveCfg = Release|Any CPU
		{222184D6-A612-421F-8B66-7E0037D53BE6}.Release|x86.Build.0 = Release|Any CPU
	EndGlobalSection
	GlobalSection(SolutionProperties) = preSolution
		HideSolutionNode = FALSE
	EndGlobalSection
EndGlobal
